# This file is automatically @generated by Poetry 1.8.0 and should not be changed by hand.

[[package]]
name = "crc8"
version = "0.2.0"
description = "A module that implements the CRC8 hash algorithm for Python 2 and 3."
optional = false
python-versions = "*"
files = [
    {file = "crc8-0.2.0.tar.gz", hash = "sha256:3c34d0a006ae8ddecfd744ae585eac95120915bf0770011aee9250017c0c40f1"},
]

[[package]]
name = "pyserial"
version = "3.5"
description = "Python Serial Port Extension"
optional = false
python-versions = "*"
files = [
    {file = "pyserial-3.5-py2.py3-none-any.whl", hash = "sha256:c4451db6ba391ca6ca299fb3ec7bae67a5c55dde170964c7a14ceefec02f2cf0"},
    {file = "pyserial-3.5.tar.gz", hash = "sha256:3c77e014170dfffbd816e6ffc205e9842efb10be9f58ec16d3e8675b4925cddb"},
]

[package.extras]
cp2110 = ["hidapi"]

[metadata]
lock-version = "2.0"
python-versions = "^3.12"
content-hash = "a1680599a9d56581ca4fa2a0e3ba4943fe20ea3db050e7af6916351b3ba4a879"
